
Microsoft Visual Studio Solution File, Format Version 12.00
# Visual Studio Version 17
VisualStudioVersion = 17.3.32901.215
MinimumVisualStudioVersion = 10.0.40219.1
Project("{FAE04EC0-301F-11D3-BF4B-00C04F79EFBC}") = "LumiereAPI", "LumiereAPI\LumiereAPI.csproj", "{8A4E2607-71CB-40C6-93E3-DFF09FACBDB6}"
EndProject
Global
	GlobalSection(SolutionConfigurationPlatforms) = preSolution
		Debug|Any CPU = Debug|Any CPU
		Release|Any CPU = Release|Any CPU
	EndGlobalSection
	GlobalSection(ProjectConfigurationPlatforms) = postSolution
		{8A4E2607-71CB-40C6-93E3-DFF09FACBDB6}.Debug|Any CPU.ActiveCfg = Debug|Any CPU
		{8A4E2607-71CB-40C6-93E3-DFF09FACBDB6}.Debug|Any CPU.Build.0 = Debug|Any CPU
		{8A4E2607-71CB-40C6-93E3-DFF09FACBDB6}.Release|Any CPU.ActiveCfg = Release|Any CPU
		{8A4E2607-71CB-40C6-93E3-DFF09FACBDB6}.Release|Any CPU.Build.0 = Release|Any CPU
	EndGlobalSection
	GlobalSection(SolutionProperties) = preSolution
		HideSolutionNode = FALSE
	EndGlobalSection
	GlobalSection(ExtensibilityGlobals) = postSolution
		SolutionGuid = {E520839C-F7F1-44FC-B447-AA00682A6FAC}
	EndGlobalSection
EndGlobal
