
Microsoft Visual Studio Solution File, Format Version 12.00
# Visual Studio Version 17
VisualStudioVersion = 17.3.32901.215
MinimumVisualStudioVersion = 10.0.40219.1
Project("{FAE04EC0-301F-11D3-BF4B-00C04F79EFBC}") = "DBPFinal", "DBPFinal\DBPFinal.csproj", "{7903C66D-CFB5-49A2-9921-B215EE6FE76A}"
EndProject
Global
	GlobalSection(SolutionConfigurationPlatforms) = preSolution
		Debug|Any CPU = Debug|Any CPU
		Release|Any CPU = Release|Any CPU
	EndGlobalSection
	GlobalSection(ProjectConfigurationPlatforms) = postSolution
		{7903C66D-CFB5-49A2-9921-B215EE6FE76A}.Debug|Any CPU.ActiveCfg = Debug|Any CPU
		{7903C66D-CFB5-49A2-9921-B215EE6FE76A}.Debug|Any CPU.Build.0 = Debug|Any CPU
		{7903C66D-CFB5-49A2-9921-B215EE6FE76A}.Release|Any CPU.ActiveCfg = Release|Any CPU
		{7903C66D-CFB5-49A2-9921-B215EE6FE76A}.Release|Any CPU.Build.0 = Release|Any CPU
	EndGlobalSection
	GlobalSection(SolutionProperties) = preSolution
		HideSolutionNode = FALSE
	EndGlobalSection
	GlobalSection(ExtensibilityGlobals) = postSolution
		SolutionGuid = {3265BB34-3BD1-4863-B5C7-CC66DDAFF279}
	EndGlobalSection
EndGlobal
